
Microsoft Visual Studio Solution File, Format Version 12.00
# Visual Studio Version 17
VisualStudioVersion = 17.4.33205.214
MinimumVisualStudioVersion = 10.0.40219.1
Project("{8BC9CEB8-8B4A-11D0-8D11-00A0C91BC942}") = "문자열을 화면에 출력하는 프로그램", "문자열을 화면에 출력하는 프로그램.vcxproj", "{8DFBBB15-C42F-40C2-B3AA-83D732D79C50}"
EndProject
Global
	GlobalSection(SolutionConfigurationPlatforms) = preSolution
		Debug|x64 = Debug|x64
		Debug|x86 = Debug|x86
		Release|x64 = Release|x64
		Release|x86 = Release|x86
	EndGlobalSection
	GlobalSection(ProjectConfigurationPlatforms) = postSolution
		{8DFBBB15-C42F-40C2-B3AA-83D732D79C50}.Debug|x64.ActiveCfg = Debug|x64
		{8DFBBB15-C42F-40C2-B3AA-83D732D79C50}.Debug|x64.Build.0 = Debug|x64
		{8DFBBB15-C42F-40C2-B3AA-83D732D79C50}.Debug|x86.ActiveCfg = Debug|Win32
		{8DFBBB15-C42F-40C2-B3AA-83D732D79C50}.Debug|x86.Build.0 = Debug|Win32
		{8DFBBB15-C42F-40C2-B3AA-83D732D79C50}.Release|x64.ActiveCfg = Release|x64
		{8DFBBB15-C42F-40C2-B3AA-83D732D79C50}.Release|x64.Build.0 = Release|x64
		{8DFBBB15-C42F-40C2-B3AA-83D732D79C50}.Release|x86.ActiveCfg = Release|Win32
		{8DFBBB15-C42F-40C2-B3AA-83D732D79C50}.Release|x86.Build.0 = Release|Win32
	EndGlobalSection
	GlobalSection(SolutionProperties) = preSolution
		HideSolutionNode = FALSE
	EndGlobalSection
	GlobalSection(ExtensibilityGlobals) = postSolution
		SolutionGuid = {A59684B9-176F-4C51-8D17-210B99F35958}
	EndGlobalSection
EndGlobal
